Microsoft Visual Studio Solution File, Format Version 12.00
# Visual Studio Version 17
VisualStudioVersion = 17.14.35906.104
MinimumVisualStudioVersion = 10.0.40219.1
Project("{FAE04EC0-301F-11D3-BF4B-00C04F79EFBC}") = "SUT24_Johan_Hansson_Labb4_Enhetstestning", "SUT24_Johan_Hansson_Labb4_Enhetstestning\SUT24_Johan_Hansson_Labb4_Enhetstestning.csproj", "{47BEB806-7749-4D25-B3F4-B7F7D2F70EE4}"
EndProject
Global
	GlobalSection(SolutionConfigurationPlatforms) = preSolution
		Debug|Any CPU = Debug|Any CPU
		Release|Any CPU = Release|Any CPU
	EndGlobalSection
	GlobalSection(ProjectConfigurationPlatforms) = postSolution
		{47BEB806-7749-4D25-B3F4-B7F7D2F70EE4}.Debug|Any CPU.ActiveCfg = Debug|Any CPU
		{47BEB806-7749-4D25-B3F4-B7F7D2F70EE4}.Debug|Any CPU.Build.0 = Debug|Any CPU
		{47BEB806-7749-4D25-B3F4-B7F7D2F70EE4}.Release|Any CPU.ActiveCfg = Release|Any CPU
		{47BEB806-7749-4D25-B3F4-B7F7D2F70EE4}.Release|Any CPU.Build.0 = Release|Any CPU
	EndGlobalSection
	GlobalSection(SolutionProperties) = preSolution
		HideSolutionNode = FALSE
	EndGlobalSection
	GlobalSection(ExtensibilityGlobals) = postSolution
		SolutionGuid = {A875D126-9EA5-4603-8919-7428AC391698}
	EndGlobalSection
EndGlobal
